
Microsoft Visual Studio Solution File, Format Version 12.00
# Visual Studio Version 17
VisualStudioVersion = 17.0.31903.59
MinimumVisualStudioVersion = 10.0.40219.1
Project("{9A19103F-16F7-4668-BE54-9A1E7A4F7556}") = "Tyuiu.ShaldinDA.Sprint2.Task0.V6.Lib", "Tyuiu.ShaldinDA.Sprint2.Task0.V6.Lib\Tyuiu.ShaldinDA.Sprint2.Task0.V6.Lib.csproj", "{924664DF-3E3C-4DF9-8532-4CCB48EB23E1}"
EndProject
Project("{9A19103F-16F7-4668-BE54-9A1E7A4F7556}") = "Tyuiu.ShaldinDA.Sprint2.Task0.V6", "Tyuiu.ShaldinDA.Sprint2.Task0.V6\Tyuiu.ShaldinDA.Sprint2.Task0.V6.csproj", "{9F2608C7-0412-41D8-BBC0-EE866C3267C1}"
EndProject
Project("{9A19103F-16F7-4668-BE54-9A1E7A4F7556}") = "Tyuiu.ShaldinDA.Sprint2.Task0.V6.Test", "Tyuiu.ShaldinDA.Sprint2.Task0.V6.Test\Tyuiu.ShaldinDA.Sprint2.Task0.V6.Test.csproj", "{8B0CB675-9495-4E0A-BB0A-47F95FF06FB1}"
EndProject
Project("{2150E333-8FDC-42A3-9474-1A3956D46DE8}") = "Task0", "Task0", "{AFA530B6-8605-4A16-8283-8143061E8DEE}"
EndProject
Project("{9A19103F-16F7-4668-BE54-9A1E7A4F7556}") = "Tyuiu.ShaldinDA.Sprint2.Task1.V26.Lib", "Tyuiu.ShaldinDA.Sprint2.Task1.V26.Lib\Tyuiu.ShaldinDA.Sprint2.Task1.V26.Lib.csproj", "{3B94DFD1-D877-48D8-880C-AAEDD4FF127D}"
EndProject
Project("{9A19103F-16F7-4668-BE54-9A1E7A4F7556}") = "Tyuiu.ShaldinDA.Sprint2.Task1.V26", "Tyuiu.ShaldinDA.Sprint2.Task1.V26\Tyuiu.ShaldinDA.Sprint2.Task1.V26.csproj", "{9CAC2C65-AA7F-4F4E-80B1-A05AD826206B}"
EndProject
Project("{9A19103F-16F7-4668-BE54-9A1E7A4F7556}") = "Tyuiu.ShaldinDA.Sprint2.Task1.V26.Test", "Tyuiu.ShaldinDA.Sprint2.Task1.V26.Test\Tyuiu.ShaldinDA.Sprint2.Task1.V26.Test.csproj", "{9BF56C12-D186-40AB-93DA-EBE8AFDB4BEE}"
EndProject
Project("{2150E333-8FDC-42A3-9474-1A3956D46DE8}") = "Task1", "Task1", "{16858312-C7C4-4382-B28A-550C14DF209B}"
EndProject
Project("{9A19103F-16F7-4668-BE54-9A1E7A4F7556}") = "Tyuiu.ShaldinDA.Sprint2.Task2.V30.Lib", "Tyuiu.ShaldinDA.Sprint2.Task2.V30.Lib\Tyuiu.ShaldinDA.Sprint2.Task2.V30.Lib.csproj", "{54E0470A-EDED-469B-ADDD-11657241B00A}"
EndProject
Project("{9A19103F-16F7-4668-BE54-9A1E7A4F7556}") = "Tyuiu.ShaldinDA.Sprint2.Task2.V30", "Tyuiu.ShaldinDA.Sprint2.Task2.V30\Tyuiu.ShaldinDA.Sprint2.Task2.V30.csproj", "{BFF22610-C477-4FEA-8358-326E1E862F74}"
EndProject
Project("{9A19103F-16F7-4668-BE54-9A1E7A4F7556}") = "Tyuiu.ShaldinDA.Sprint2.Task2.V30.Test", "Tyuiu.ShaldinDA.Sprint2.Task2.V30.Test\Tyuiu.ShaldinDA.Sprint2.Task2.V30.Test.csproj", "{56F88E48-1E6F-4793-9696-B412D9C6C27C}"
EndProject
Project("{2150E333-8FDC-42A3-9474-1A3956D46DE8}") = "Task2", "Task2", "{4469980B-01E5-46E0-8586-96186413C7C0}"
EndProject
Project("{9A19103F-16F7-4668-BE54-9A1E7A4F7556}") = "Tyuiu.ShaldinDA.Sprint2.Task3.V23.Lib", "Tyuiu.ShaldinDA.Sprint2.Task3.V23.Lib\Tyuiu.ShaldinDA.Sprint2.Task3.V23.Lib.csproj", "{8D9A772E-600C-434E-94F7-2B34C76D5B69}"
EndProject
Project("{9A19103F-16F7-4668-BE54-9A1E7A4F7556}") = "Tyuiu.ShaldinDA.Sprint2.Task3.V23", "Tyuiu.ShaldinDA.Sprint2.Task3.V23\Tyuiu.ShaldinDA.Sprint2.Task3.V23.csproj", "{01EDCE91-C365-460C-BEDC-930956D60EB5}"
EndProject
Project("{9A19103F-16F7-4668-BE54-9A1E7A4F7556}") = "Tyuiu.ShaldinDA.Sprint2.Task3.V23.Test", "Tyuiu.ShaldinDA.Sprint2.Task3.V23.Test\Tyuiu.ShaldinDA.Sprint2.Task3.V23.Test.csproj", "{332E9A59-50BD-458C-A55E-28435E972F93}"
EndProject
Project("{2150E333-8FDC-42A3-9474-1A3956D46DE8}") = "Task3", "Task3", "{2ADB59FB-E6DA-4F8C-A387-0977CFC52440}"
EndProject
Global
	GlobalSection(SolutionConfigurationPlatforms) = preSolution
		Debug|Any CPU = Debug|Any CPU
		Release|Any CPU = Release|Any CPU
	EndGlobalSection
	GlobalSection(ProjectConfigurationPlatforms) = postSolution
		{924664DF-3E3C-4DF9-8532-4CCB48EB23E1}.Debug|Any CPU.ActiveCfg = Debug|Any CPU
		{924664DF-3E3C-4DF9-8532-4CCB48EB23E1}.Debug|Any CPU.Build.0 = Debug|Any CPU
		{924664DF-3E3C-4DF9-8532-4CCB48EB23E1}.Release|Any CPU.ActiveCfg = Release|Any CPU
		{924664DF-3E3C-4DF9-8532-4CCB48EB23E1}.Release|Any CPU.Build.0 = Release|Any CPU
		{9F2608C7-0412-41D8-BBC0-EE866C3267C1}.Debug|Any CPU.ActiveCfg = Debug|Any CPU
		{9F2608C7-0412-41D8-BBC0-EE866C3267C1}.Debug|Any CPU.Build.0 = Debug|Any CPU
		{9F2608C7-0412-41D8-BBC0-EE866C3267C1}.Release|Any CPU.ActiveCfg = Release|Any CPU
		{9F2608C7-0412-41D8-BBC0-EE866C3267C1}.Release|Any CPU.Build.0 = Release|Any CPU
		{8B0CB675-9495-4E0A-BB0A-47F95FF06FB1}.Debug|Any CPU.ActiveCfg = Debug|Any CPU
		{8B0CB675-9495-4E0A-BB0A-47F95FF06FB1}.Debug|Any CPU.Build.0 = Debug|Any CPU
		{8B0CB675-9495-4E0A-BB0A-47F95FF06FB1}.Release|Any CPU.ActiveCfg = Release|Any CPU
		{8B0CB675-9495-4E0A-BB0A-47F95FF06FB1}.Release|Any CPU.Build.0 = Release|Any CPU
		{3B94DFD1-D877-48D8-880C-AAEDD4FF127D}.Debug|Any CPU.ActiveCfg = Debug|Any CPU
		{3B94DFD1-D877-48D8-880C-AAEDD4FF127D}.Debug|Any CPU.Build.0 = Debug|Any CPU
		{3B94DFD1-D877-48D8-880C-AAEDD4FF127D}.Release|Any CPU.ActiveCfg = Release|Any CPU
		{3B94DFD1-D877-48D8-880C-AAEDD4FF127D}.Release|Any CPU.Build.0 = Release|Any CPU
		{9CAC2C65-AA7F-4F4E-80B1-A05AD826206B}.Debug|Any CPU.ActiveCfg = Debug|Any CPU
		{9CAC2C65-AA7F-4F4E-80B1-A05AD826206B}.Debug|Any CPU.Build.0 = Debug|Any CPU
		{9CAC2C65-AA7F-4F4E-80B1-A05AD826206B}.Release|Any CPU.ActiveCfg = Release|Any CPU
		{9CAC2C65-AA7F-4F4E-80B1-A05AD826206B}.Release|Any CPU.Build.0 = Release|Any CPU
		{9BF56C12-D186-40AB-93DA-EBE8AFDB4BEE}.Debug|Any CPU.ActiveCfg = Debug|Any CPU
		{9BF56C12-D186-40AB-93DA-EBE8AFDB4BEE}.Debug|Any CPU.Build.0 = Debug|Any CPU
		{9BF56C12-D186-40AB-93DA-EBE8AFDB4BEE}.Release|Any CPU.ActiveCfg = Release|Any CPU
		{9BF56C12-D186-40AB-93DA-EBE8AFDB4BEE}.Release|Any CPU.Build.0 = Release|Any CPU
		{54E0470A-EDED-469B-ADDD-11657241B00A}.Debug|Any CPU.ActiveCfg = Debug|Any CPU
		{54E0470A-EDED-469B-ADDD-11657241B00A}.Debug|Any CPU.Build.0 = Debug|Any CPU
		{54E0470A-EDED-469B-ADDD-11657241B00A}.Release|Any CPU.ActiveCfg = Release|Any CPU
		{54E0470A-EDED-469B-ADDD-11657241B00A}.Release|Any CPU.Build.0 = Release|Any CPU
		{BFF22610-C477-4FEA-8358-326E1E862F74}.Debug|Any CPU.ActiveCfg = Debug|Any CPU
		{BFF22610-C477-4FEA-8358-326E1E862F74}.Debug|Any CPU.Build.0 = Debug|Any CPU
		{BFF22610-C477-4FEA-8358-326E1E862F74}.Release|Any CPU.ActiveCfg = Release|Any CPU
		{BFF22610-C477-4FEA-8358-326E1E862F74}.Release|Any CPU.Build.0 = Release|Any CPU
		{56F88E48-1E6F-4793-9696-B412D9C6C27C}.Debug|Any CPU.ActiveCfg = Debug|Any CPU
		{56F88E48-1E6F-4793-9696-B412D9C6C27C}.Debug|Any CPU.Build.0 = Debug|Any CPU
		{56F88E48-1E6F-4793-9696-B412D9C6C27C}.Release|Any CPU.ActiveCfg = Release|Any CPU
		{56F88E48-1E6F-4793-9696-B412D9C6C27C}.Release|Any CPU.Build.0 = Release|Any CPU
		{8D9A772E-600C-434E-94F7-2B34C76D5B69}.Debug|Any CPU.ActiveCfg = Debug|Any CPU
		{8D9A772E-600C-434E-94F7-2B34C76D5B69}.Debug|Any CPU.Build.0 = Debug|Any CPU
		{8D9A772E-600C-434E-94F7-2B34C76D5B69}.Release|Any CPU.ActiveCfg = Release|Any CPU
		{8D9A772E-600C-434E-94F7-2B34C76D5B69}.Release|Any CPU.Build.0 = Release|Any CPU
		{01EDCE91-C365-460C-BEDC-930956D60EB5}.Debug|Any CPU.ActiveCfg = Debug|Any CPU
		{01EDCE91-C365-460C-BEDC-930956D60EB5}.Debug|Any CPU.Build.0 = Debug|Any CPU
		{01EDCE91-C365-460C-BEDC-930956D60EB5}.Release|Any CPU.ActiveCfg = Release|Any CPU
		{01EDCE91-C365-460C-BEDC-930956D60EB5}.Release|Any CPU.Build.0 = Release|Any CPU
		{332E9A59-50BD-458C-A55E-28435E972F93}.Debug|Any CPU.ActiveCfg = Debug|Any CPU
		{332E9A59-50BD-458C-A55E-28435E972F93}.Debug|Any CPU.Build.0 = Debug|Any CPU
		{332E9A59-50BD-458C-A55E-28435E972F93}.Release|Any CPU.ActiveCfg = Release|Any CPU
		{332E9A59-50BD-458C-A55E-28435E972F93}.Release|Any CPU.Build.0 = Release|Any CPU
	EndGlobalSection
	GlobalSection(SolutionProperties) = preSolution
		HideSolutionNode = FALSE
	EndGlobalSection
	GlobalSection(NestedProjects) = preSolution
		{924664DF-3E3C-4DF9-8532-4CCB48EB23E1} = {AFA530B6-8605-4A16-8283-8143061E8DEE}
		{9F2608C7-0412-41D8-BBC0-EE866C3267C1} = {AFA530B6-8605-4A16-8283-8143061E8DEE}
		{8B0CB675-9495-4E0A-BB0A-47F95FF06FB1} = {AFA530B6-8605-4A16-8283-8143061E8DEE}
		{3B94DFD1-D877-48D8-880C-AAEDD4FF127D} = {16858312-C7C4-4382-B28A-550C14DF209B}
		{9CAC2C65-AA7F-4F4E-80B1-A05AD826206B} = {16858312-C7C4-4382-B28A-550C14DF209B}
		{9BF56C12-D186-40AB-93DA-EBE8AFDB4BEE} = {16858312-C7C4-4382-B28A-550C14DF209B}
		{54E0470A-EDED-469B-ADDD-11657241B00A} = {4469980B-01E5-46E0-8586-96186413C7C0}
		{BFF22610-C477-4FEA-8358-326E1E862F74} = {4469980B-01E5-46E0-8586-96186413C7C0}
		{56F88E48-1E6F-4793-9696-B412D9C6C27C} = {4469980B-01E5-46E0-8586-96186413C7C0}
		{8D9A772E-600C-434E-94F7-2B34C76D5B69} = {2ADB59FB-E6DA-4F8C-A387-0977CFC52440}
		{01EDCE91-C365-460C-BEDC-930956D60EB5} = {2ADB59FB-E6DA-4F8C-A387-0977CFC52440}
		{332E9A59-50BD-458C-A55E-28435E972F93} = {2ADB59FB-E6DA-4F8C-A387-0977CFC52440}
	EndGlobalSection
	GlobalSection(ExtensibilityGlobals) = postSolution
		SolutionGuid = {92B14FE6-3E01-41B6-8332-177E9E9C830E}
	EndGlobalSection
EndGlobal
