
Microsoft Visual Studio Solution File, Format Version 12.00
# Visual Studio Version 17
VisualStudioVersion = 17.0.31903.59
MinimumVisualStudioVersion = 10.0.40219.1
Project("{9A19103F-16F7-4668-BE54-9A1E7A4F7556}") = "Tyuiu.ShaldinDA.Sprint2.Task0.V6.Lib", "Tyuiu.ShaldinDA.Sprint2.Task0.V6.Lib\Tyuiu.ShaldinDA.Sprint2.Task0.V6.Lib.csproj", "{924664DF-3E3C-4DF9-8532-4CCB48EB23E1}"
EndProject
Project("{9A19103F-16F7-4668-BE54-9A1E7A4F7556}") = "Tyuiu.ShaldinDA.Sprint2.Task0.V6", "Tyuiu.ShaldinDA.Sprint2.Task0.V6\Tyuiu.ShaldinDA.Sprint2.Task0.V6.csproj", "{9F2608C7-0412-41D8-BBC0-EE866C3267C1}"
EndProject
Project("{9A19103F-16F7-4668-BE54-9A1E7A4F7556}") = "Tyuiu.ShaldinDA.Sprint2.Task0.V6.Test", "Tyuiu.ShaldinDA.Sprint2.Task0.V6.Test\Tyuiu.ShaldinDA.Sprint2.Task0.V6.Test.csproj", "{8B0CB675-9495-4E0A-BB0A-47F95FF06FB1}"
EndProject
Project("{2150E333-8FDC-42A3-9474-1A3956D46DE8}") = "Task0", "Task0", "{AFA530B6-8605-4A16-8283-8143061E8DEE}"
EndProject
Project("{9A19103F-16F7-4668-BE54-9A1E7A4F7556}") = "Tyuiu.ShaldinDA.Sprint2.Task1.V26.Lib", "Tyuiu.ShaldinDA.Sprint2.Task1.V26.Lib\Tyuiu.ShaldinDA.Sprint2.Task1.V26.Lib.csproj", "{3B94DFD1-D877-48D8-880C-AAEDD4FF127D}"
EndProject
Project("{9A19103F-16F7-4668-BE54-9A1E7A4F7556}") = "Tyuiu.ShaldinDA.Sprint2.Task1.V26", "Tyuiu.ShaldinDA.Sprint2.Task1.V26\Tyuiu.ShaldinDA.Sprint2.Task1.V26.csproj", "{9CAC2C65-AA7F-4F4E-80B1-A05AD826206B}"
EndProject
Project("{9A19103F-16F7-4668-BE54-9A1E7A4F7556}") = "Tyuiu.ShaldinDA.Sprint2.Task1.V26.Test", "Tyuiu.ShaldinDA.Sprint2.Task1.V26.Test\Tyuiu.ShaldinDA.Sprint2.Task1.V26.Test.csproj", "{9BF56C12-D186-40AB-93DA-EBE8AFDB4BEE}"
EndProject
Project("{2150E333-8FDC-42A3-9474-1A3956D46DE8}") = "Task1", "Task1", "{16858312-C7C4-4382-B28A-550C14DF209B}"
EndProject
Project("{9A19103F-16F7-4668-BE54-9A1E7A4F7556}") = "Tyuiu.ShaldinDA.Sprint2.Task2.V30.Lib", "Tyuiu.ShaldinDA.Sprint2.Task2.V30.Lib\Tyuiu.ShaldinDA.Sprint2.Task2.V30.Lib.csproj", "{54E0470A-EDED-469B-ADDD-11657241B00A}"
EndProject
Project("{9A19103F-16F7-4668-BE54-9A1E7A4F7556}") = "Tyuiu.ShaldinDA.Sprint2.Task2.V30", "Tyuiu.ShaldinDA.Sprint2.Task2.V30\Tyuiu.ShaldinDA.Sprint2.Task2.V30.csproj", "{BFF22610-C477-4FEA-8358-326E1E862F74}"
EndProject
Project("{9A19103F-16F7-4668-BE54-9A1E7A4F7556}") = "Tyuiu.ShaldinDA.Sprint2.Task2.V30.Test", "Tyuiu.ShaldinDA.Sprint2.Task2.V30.Test\Tyuiu.ShaldinDA.Sprint2.Task2.V30.Test.csproj", "{56F88E48-1E6F-4793-9696-B412D9C6C27C}"
EndProject
Project("{2150E333-8FDC-42A3-9474-1A3956D46DE8}") = "Task2", "Task2", "{4469980B-01E5-46E0-8586-96186413C7C0}"
EndProject
Project("{9A19103F-16F7-4668-BE54-9A1E7A4F7556}") = "Tyuiu.ShaldinDA.Sprint2.Task3.V23.Lib", "Tyuiu.ShaldinDA.Sprint2.Task3.V23.Lib\Tyuiu.ShaldinDA.Sprint2.Task3.V23.Lib.csproj", "{8D9A772E-600C-434E-94F7-2B34C76D5B69}"
EndProject
Project("{9A19103F-16F7-4668-BE54-9A1E7A4F7556}") = "Tyuiu.ShaldinDA.Sprint2.Task3.V23", "Tyuiu.ShaldinDA.Sprint2.Task3.V23\Tyuiu.ShaldinDA.Sprint2.Task3.V23.csproj", "{01EDCE91-C365-460C-BEDC-930956D60EB5}"
EndProject
Project("{9A19103F-16F7-4668-BE54-9A1E7A4F7556}") = "Tyuiu.ShaldinDA.Sprint2.Task3.V23.Test", "Tyuiu.ShaldinDA.Sprint2.Task3.V23.Test\Tyuiu.ShaldinDA.Sprint2.Task3.V23.Test.csproj", "{332E9A59-50BD-458C-A55E-28435E972F93}"
EndProject
Project("{2150E333-8FDC-42A3-9474-1A3956D46DE8}") = "Task3", "Task3", "{2ADB59FB-E6DA-4F8C-A387-0977CFC52440}"
EndProject
Project("{9A19103F-16F7-4668-BE54-9A1E7A4F7556}") = "Tyuiu.ShaldinDA.Sprint2.Task4.V21.Lib", "Tyuiu.ShaldinDA.Sprint2.Task4.V21.Lib\Tyuiu.ShaldinDA.Sprint2.Task4.V21.Lib.csproj", "{02CC8165-E459-4908-BA16-34B5742129E9}"
EndProject
Project("{9A19103F-16F7-4668-BE54-9A1E7A4F7556}") = "Tyuiu.ShaldinDA.Sprint2.Task4.V21", "Tyuiu.ShaldinDA.Sprint2.Task4.V21\Tyuiu.ShaldinDA.Sprint2.Task4.V21.csproj", "{609090E6-C593-4070-B488-D5C679BE6FB0}"
EndProject
Project("{9A19103F-16F7-4668-BE54-9A1E7A4F7556}") = "Tyuiu.ShaldinDA.Sprint2.Task4.V21.Test", "Tyuiu.ShaldinDA.Sprint2.Task4.V21.Test\Tyuiu.ShaldinDA.Sprint2.Task4.V21.Test.csproj", "{8D9C6EC5-A5CC-4D7A-BC78-423AFC4D801A}"
EndProject
Project("{2150E333-8FDC-42A3-9474-1A3956D46DE8}") = "Task4", "Task4", "{46EE0B4D-0361-4CBC-B18D-60AFA37132F9}"
EndProject
Project("{9A19103F-16F7-4668-BE54-9A1E7A4F7556}") = "Tyuiu.ShaldinDA.Sprint2.Task5.V1.Lib", "Tyuiu.ShaldinDA.Sprint2.Task5.V1.Lib\Tyuiu.ShaldinDA.Sprint2.Task5.V1.Lib.csproj", "{BEB93394-6C14-45D7-811D-318D460FE02E}"
EndProject
Project("{9A19103F-16F7-4668-BE54-9A1E7A4F7556}") = "Tyuiu.ShaldinDA.Sprint2.Task5.V1", "Tyuiu.ShaldinDA.Sprint2.Task5.V1\Tyuiu.ShaldinDA.Sprint2.Task5.V1.csproj", "{A2852AF3-3E82-4713-A986-20A1D0B6CD1E}"
EndProject
Project("{9A19103F-16F7-4668-BE54-9A1E7A4F7556}") = "Tyuiu.ShaldinDA.Sprint2.Task5.V1.Test", "Tyuiu.ShaldinDA.Sprint2.Task5.V1.Test\Tyuiu.ShaldinDA.Sprint2.Task5.V1.Test.csproj", "{D5715E6F-6790-40E9-AD23-EA3C4B938A75}"
EndProject
Project("{2150E333-8FDC-42A3-9474-1A3956D46DE8}") = "Task5", "Task5", "{42CEBB1D-C88F-45D0-BFC5-881F80C96881}"
EndProject
Project("{9A19103F-16F7-4668-BE54-9A1E7A4F7556}") = "Tyuiu.ShaldinDA.Sprint2.Task6.V7.Lib", "Tyuiu.ShaldinDA.Sprint2.Task6.V7.Lib\Tyuiu.ShaldinDA.Sprint2.Task6.V7.Lib.csproj", "{22BFD695-4A0F-4ED7-9E5B-8FB1041CC76E}"
EndProject
Project("{9A19103F-16F7-4668-BE54-9A1E7A4F7556}") = "Tyuiu.ShaldinDA.Sprint2.Task6.V7", "Tyuiu.ShaldinDA.Sprint2.Task6.V7\Tyuiu.ShaldinDA.Sprint2.Task6.V7.csproj", "{DB7F2620-5A74-4362-9819-777509582FAE}"
EndProject
Project("{9A19103F-16F7-4668-BE54-9A1E7A4F7556}") = "Tyuiu.ShaldinDA.Sprint2.Task6.V7.Test", "Tyuiu.ShaldinDA.Sprint2.Task6.V7.Test\Tyuiu.ShaldinDA.Sprint2.Task6.V7.Test.csproj", "{7E1DADBA-2555-4DE1-B292-5E5BF535A900}"
EndProject
Project("{2150E333-8FDC-42A3-9474-1A3956D46DE8}") = "Task6", "Task6", "{6F8A5653-F2C5-473E-8C0A-FE5BDD841B3D}"
EndProject
Global
	GlobalSection(SolutionConfigurationPlatforms) = preSolution
		Debug|Any CPU = Debug|Any CPU
		Release|Any CPU = Release|Any CPU
	EndGlobalSection
	GlobalSection(ProjectConfigurationPlatforms) = postSolution
		{924664DF-3E3C-4DF9-8532-4CCB48EB23E1}.Debug|Any CPU.ActiveCfg = Debug|Any CPU
		{924664DF-3E3C-4DF9-8532-4CCB48EB23E1}.Debug|Any CPU.Build.0 = Debug|Any CPU
		{924664DF-3E3C-4DF9-8532-4CCB48EB23E1}.Release|Any CPU.ActiveCfg = Release|Any CPU
		{924664DF-3E3C-4DF9-8532-4CCB48EB23E1}.Release|Any CPU.Build.0 = Release|Any CPU
		{9F2608C7-0412-41D8-BBC0-EE866C3267C1}.Debug|Any CPU.ActiveCfg = Debug|Any CPU
		{9F2608C7-0412-41D8-BBC0-EE866C3267C1}.Debug|Any CPU.Build.0 = Debug|Any CPU
		{9F2608C7-0412-41D8-BBC0-EE866C3267C1}.Release|Any CPU.ActiveCfg = Release|Any CPU
		{9F2608C7-0412-41D8-BBC0-EE866C3267C1}.Release|Any CPU.Build.0 = Release|Any CPU
		{8B0CB675-9495-4E0A-BB0A-47F95FF06FB1}.Debug|Any CPU.ActiveCfg = Debug|Any CPU
		{8B0CB675-9495-4E0A-BB0A-47F95FF06FB1}.Debug|Any CPU.Build.0 = Debug|Any CPU
		{8B0CB675-9495-4E0A-BB0A-47F95FF06FB1}.Release|Any CPU.ActiveCfg = Release|Any CPU
		{8B0CB675-9495-4E0A-BB0A-47F95FF06FB1}.Release|Any CPU.Build.0 = Release|Any CPU
		{3B94DFD1-D877-48D8-880C-AAEDD4FF127D}.Debug|Any CPU.ActiveCfg = Debug|Any CPU
		{3B94DFD1-D877-48D8-880C-AAEDD4FF127D}.Debug|Any CPU.Build.0 = Debug|Any CPU
		{3B94DFD1-D877-48D8-880C-AAEDD4FF127D}.Release|Any CPU.ActiveCfg = Release|Any CPU
		{3B94DFD1-D877-48D8-880C-AAEDD4FF127D}.Release|Any CPU.Build.0 = Release|Any CPU
		{9CAC2C65-AA7F-4F4E-80B1-A05AD826206B}.Debug|Any CPU.ActiveCfg = Debug|Any CPU
		{9CAC2C65-AA7F-4F4E-80B1-A05AD826206B}.Debug|Any CPU.Build.0 = Debug|Any CPU
		{9CAC2C65-AA7F-4F4E-80B1-A05AD826206B}.Release|Any CPU.ActiveCfg = Release|Any CPU
		{9CAC2C65-AA7F-4F4E-80B1-A05AD826206B}.Release|Any CPU.Build.0 = Release|Any CPU
		{9BF56C12-D186-40AB-93DA-EBE8AFDB4BEE}.Debug|Any CPU.ActiveCfg = Debug|Any CPU
		{9BF56C12-D186-40AB-93DA-EBE8AFDB4BEE}.Debug|Any CPU.Build.0 = Debug|Any CPU
		{9BF56C12-D186-40AB-93DA-EBE8AFDB4BEE}.Release|Any CPU.ActiveCfg = Release|Any CPU
		{9BF56C12-D186-40AB-93DA-EBE8AFDB4BEE}.Release|Any CPU.Build.0 = Release|Any CPU
		{54E0470A-EDED-469B-ADDD-11657241B00A}.Debug|Any CPU.ActiveCfg = Debug|Any CPU
		{54E0470A-EDED-469B-ADDD-11657241B00A}.Debug|Any CPU.Build.0 = Debug|Any CPU
		{54E0470A-EDED-469B-ADDD-11657241B00A}.Release|Any CPU.ActiveCfg = Release|Any CPU
		{54E0470A-EDED-469B-ADDD-11657241B00A}.Release|Any CPU.Build.0 = Release|Any CPU
		{BFF22610-C477-4FEA-8358-326E1E862F74}.Debug|Any CPU.ActiveCfg = Debug|Any CPU
		{BFF22610-C477-4FEA-8358-326E1E862F74}.Debug|Any CPU.Build.0 = Debug|Any CPU
		{BFF22610-C477-4FEA-8358-326E1E862F74}.Release|Any CPU.ActiveCfg = Release|Any CPU
		{BFF22610-C477-4FEA-8358-326E1E862F74}.Release|Any CPU.Build.0 = Release|Any CPU
		{56F88E48-1E6F-4793-9696-B412D9C6C27C}.Debug|Any CPU.ActiveCfg = Debug|Any CPU
		{56F88E48-1E6F-4793-9696-B412D9C6C27C}.Debug|Any CPU.Build.0 = Debug|Any CPU
		{56F88E48-1E6F-4793-9696-B412D9C6C27C}.Release|Any CPU.ActiveCfg = Release|Any CPU
		{56F88E48-1E6F-4793-9696-B412D9C6C27C}.Release|Any CPU.Build.0 = Release|Any CPU
		{8D9A772E-600C-434E-94F7-2B34C76D5B69}.Debug|Any CPU.ActiveCfg = Debug|Any CPU
		{8D9A772E-600C-434E-94F7-2B34C76D5B69}.Debug|Any CPU.Build.0 = Debug|Any CPU
		{8D9A772E-600C-434E-94F7-2B34C76D5B69}.Release|Any CPU.ActiveCfg = Release|Any CPU
		{8D9A772E-600C-434E-94F7-2B34C76D5B69}.Release|Any CPU.Build.0 = Release|Any CPU
		{01EDCE91-C365-460C-BEDC-930956D60EB5}.Debug|Any CPU.ActiveCfg = Debug|Any CPU
		{01EDCE91-C365-460C-BEDC-930956D60EB5}.Debug|Any CPU.Build.0 = Debug|Any CPU
		{01EDCE91-C365-460C-BEDC-930956D60EB5}.Release|Any CPU.ActiveCfg = Release|Any CPU
		{01EDCE91-C365-460C-BEDC-930956D60EB5}.Release|Any CPU.Build.0 = Release|Any CPU
		{332E9A59-50BD-458C-A55E-28435E972F93}.Debug|Any CPU.ActiveCfg = Debug|Any CPU
		{332E9A59-50BD-458C-A55E-28435E972F93}.Debug|Any CPU.Build.0 = Debug|Any CPU
		{332E9A59-50BD-458C-A55E-28435E972F93}.Release|Any CPU.ActiveCfg = Release|Any CPU
		{332E9A59-50BD-458C-A55E-28435E972F93}.Release|Any CPU.Build.0 = Release|Any CPU
		{02CC8165-E459-4908-BA16-34B5742129E9}.Debug|Any CPU.ActiveCfg = Debug|Any CPU
		{02CC8165-E459-4908-BA16-34B5742129E9}.Debug|Any CPU.Build.0 = Debug|Any CPU
		{02CC8165-E459-4908-BA16-34B5742129E9}.Release|Any CPU.ActiveCfg = Release|Any CPU
		{02CC8165-E459-4908-BA16-34B5742129E9}.Release|Any CPU.Build.0 = Release|Any CPU
		{609090E6-C593-4070-B488-D5C679BE6FB0}.Debug|Any CPU.ActiveCfg = Debug|Any CPU
		{609090E6-C593-4070-B488-D5C679BE6FB0}.Debug|Any CPU.Build.0 = Debug|Any CPU
		{609090E6-C593-4070-B488-D5C679BE6FB0}.Release|Any CPU.ActiveCfg = Release|Any CPU
		{609090E6-C593-4070-B488-D5C679BE6FB0}.Release|Any CPU.Build.0 = Release|Any CPU
		{8D9C6EC5-A5CC-4D7A-BC78-423AFC4D801A}.Debug|Any CPU.ActiveCfg = Debug|Any CPU
		{8D9C6EC5-A5CC-4D7A-BC78-423AFC4D801A}.Debug|Any CPU.Build.0 = Debug|Any CPU
		{8D9C6EC5-A5CC-4D7A-BC78-423AFC4D801A}.Release|Any CPU.ActiveCfg = Release|Any CPU
		{8D9C6EC5-A5CC-4D7A-BC78-423AFC4D801A}.Release|Any CPU.Build.0 = Release|Any CPU
		{BEB93394-6C14-45D7-811D-318D460FE02E}.Debug|Any CPU.ActiveCfg = Debug|Any CPU
		{BEB93394-6C14-45D7-811D-318D460FE02E}.Debug|Any CPU.Build.0 = Debug|Any CPU
		{BEB93394-6C14-45D7-811D-318D460FE02E}.Release|Any CPU.ActiveCfg = Release|Any CPU
		{BEB93394-6C14-45D7-811D-318D460FE02E}.Release|Any CPU.Build.0 = Release|Any CPU
		{A2852AF3-3E82-4713-A986-20A1D0B6CD1E}.Debug|Any CPU.ActiveCfg = Debug|Any CPU
		{A2852AF3-3E82-4713-A986-20A1D0B6CD1E}.Debug|Any CPU.Build.0 = Debug|Any CPU
		{A2852AF3-3E82-4713-A986-20A1D0B6CD1E}.Release|Any CPU.ActiveCfg = Release|Any CPU
		{A2852AF3-3E82-4713-A986-20A1D0B6CD1E}.Release|Any CPU.Build.0 = Release|Any CPU
		{D5715E6F-6790-40E9-AD23-EA3C4B938A75}.Debug|Any CPU.ActiveCfg = Debug|Any CPU
		{D5715E6F-6790-40E9-AD23-EA3C4B938A75}.Debug|Any CPU.Build.0 = Debug|Any CPU
		{D5715E6F-6790-40E9-AD23-EA3C4B938A75}.Release|Any CPU.ActiveCfg = Release|Any CPU
		{D5715E6F-6790-40E9-AD23-EA3C4B938A75}.Release|Any CPU.Build.0 = Release|Any CPU
		{22BFD695-4A0F-4ED7-9E5B-8FB1041CC76E}.Debug|Any CPU.ActiveCfg = Debug|Any CPU
		{22BFD695-4A0F-4ED7-9E5B-8FB1041CC76E}.Debug|Any CPU.Build.0 = Debug|Any CPU
		{22BFD695-4A0F-4ED7-9E5B-8FB1041CC76E}.Release|Any CPU.ActiveCfg = Release|Any CPU
		{22BFD695-4A0F-4ED7-9E5B-8FB1041CC76E}.Release|Any CPU.Build.0 = Release|Any CPU
		{DB7F2620-5A74-4362-9819-777509582FAE}.Debug|Any CPU.ActiveCfg = Debug|Any CPU
		{DB7F2620-5A74-4362-9819-777509582FAE}.Debug|Any CPU.Build.0 = Debug|Any CPU
		{DB7F2620-5A74-4362-9819-777509582FAE}.Release|Any CPU.ActiveCfg = Release|Any CPU
		{DB7F2620-5A74-4362-9819-777509582FAE}.Release|Any CPU.Build.0 = Release|Any CPU
		{7E1DADBA-2555-4DE1-B292-5E5BF535A900}.Debug|Any CPU.ActiveCfg = Debug|Any CPU
		{7E1DADBA-2555-4DE1-B292-5E5BF535A900}.Debug|Any CPU.Build.0 = Debug|Any CPU
		{7E1DADBA-2555-4DE1-B292-5E5BF535A900}.Release|Any CPU.ActiveCfg = Release|Any CPU
		{7E1DADBA-2555-4DE1-B292-5E5BF535A900}.Release|Any CPU.Build.0 = Release|Any CPU
	EndGlobalSection
	GlobalSection(SolutionProperties) = preSolution
		HideSolutionNode = FALSE
	EndGlobalSection
	GlobalSection(NestedProjects) = preSolution
		{924664DF-3E3C-4DF9-8532-4CCB48EB23E1} = {AFA530B6-8605-4A16-8283-8143061E8DEE}
		{9F2608C7-0412-41D8-BBC0-EE866C3267C1} = {AFA530B6-8605-4A16-8283-8143061E8DEE}
		{8B0CB675-9495-4E0A-BB0A-47F95FF06FB1} = {AFA530B6-8605-4A16-8283-8143061E8DEE}
		{3B94DFD1-D877-48D8-880C-AAEDD4FF127D} = {16858312-C7C4-4382-B28A-550C14DF209B}
		{9CAC2C65-AA7F-4F4E-80B1-A05AD826206B} = {16858312-C7C4-4382-B28A-550C14DF209B}
		{9BF56C12-D186-40AB-93DA-EBE8AFDB4BEE} = {16858312-C7C4-4382-B28A-550C14DF209B}
		{54E0470A-EDED-469B-ADDD-11657241B00A} = {4469980B-01E5-46E0-8586-96186413C7C0}
		{BFF22610-C477-4FEA-8358-326E1E862F74} = {4469980B-01E5-46E0-8586-96186413C7C0}
		{56F88E48-1E6F-4793-9696-B412D9C6C27C} = {4469980B-01E5-46E0-8586-96186413C7C0}
		{8D9A772E-600C-434E-94F7-2B34C76D5B69} = {2ADB59FB-E6DA-4F8C-A387-0977CFC52440}
		{01EDCE91-C365-460C-BEDC-930956D60EB5} = {2ADB59FB-E6DA-4F8C-A387-0977CFC52440}
		{332E9A59-50BD-458C-A55E-28435E972F93} = {2ADB59FB-E6DA-4F8C-A387-0977CFC52440}
		{02CC8165-E459-4908-BA16-34B5742129E9} = {46EE0B4D-0361-4CBC-B18D-60AFA37132F9}
		{609090E6-C593-4070-B488-D5C679BE6FB0} = {46EE0B4D-0361-4CBC-B18D-60AFA37132F9}
		{8D9C6EC5-A5CC-4D7A-BC78-423AFC4D801A} = {46EE0B4D-0361-4CBC-B18D-60AFA37132F9}
		{BEB93394-6C14-45D7-811D-318D460FE02E} = {42CEBB1D-C88F-45D0-BFC5-881F80C96881}
		{A2852AF3-3E82-4713-A986-20A1D0B6CD1E} = {42CEBB1D-C88F-45D0-BFC5-881F80C96881}
		{D5715E6F-6790-40E9-AD23-EA3C4B938A75} = {42CEBB1D-C88F-45D0-BFC5-881F80C96881}
		{22BFD695-4A0F-4ED7-9E5B-8FB1041CC76E} = {6F8A5653-F2C5-473E-8C0A-FE5BDD841B3D}
		{DB7F2620-5A74-4362-9819-777509582FAE} = {6F8A5653-F2C5-473E-8C0A-FE5BDD841B3D}
		{7E1DADBA-2555-4DE1-B292-5E5BF535A900} = {6F8A5653-F2C5-473E-8C0A-FE5BDD841B3D}
	EndGlobalSection
	GlobalSection(ExtensibilityGlobals) = postSolution
		SolutionGuid = {92B14FE6-3E01-41B6-8332-177E9E9C830E}
	EndGlobalSection
EndGlobal
